Microsoft Visual Studio Solution File, Format Version 12.00
# Visual Studio Version 17
VisualStudioVersion = 17.5.2.0
MinimumVisualStudioVersion = 10.0.40219.1
Project("{FAE04EC0-301F-11D3-BF4B-00C04F79EFBC}") = "ThreadingSimulationApp", "ThreadingSimulationApp.csproj", "{FF29EF7D-4770-3A4F-EBF0-FFF4725CD42D}"
EndProject
Global
	GlobalSection(SolutionConfigurationPlatforms) = preSolution
		Debug|Any CPU = Debug|Any CPU
		Release|Any CPU = Release|Any CPU
	EndGlobalSection
	GlobalSection(ProjectConfigurationPlatforms) = postSolution
		{FF29EF7D-4770-3A4F-EBF0-FFF4725CD42D}.Debug|Any CPU.ActiveCfg = Debug|Any CPU
		{FF29EF7D-4770-3A4F-EBF0-FFF4725CD42D}.Debug|Any CPU.Build.0 = Debug|Any CPU
		{FF29EF7D-4770-3A4F-EBF0-FFF4725CD42D}.Release|Any CPU.ActiveCfg = Release|Any CPU
		{FF29EF7D-4770-3A4F-EBF0-FFF4725CD42D}.Release|Any CPU.Build.0 = Release|Any CPU
	EndGlobalSection
	GlobalSection(SolutionProperties) = preSolution
		HideSolutionNode = FALSE
	EndGlobalSection
	GlobalSection(ExtensibilityGlobals) = postSolution
		SolutionGuid = {C46800C7-81CF-407C-A456-AD72B86A83EC}
	EndGlobalSection
EndGlobal
